
Microsoft Visual Studio Solution File, Format Version 12.00
# Visual Studio Version 17
VisualStudioVersion = 17.4.33213.308
MinimumVisualStudioVersion = 10.0.40219.1
Project("{FAE04EC0-301F-11D3-BF4B-00C04F79EFBC}") = "ProFlow", "ProFlow\ProFlow.csproj", "{4549D923-53E9-4C8E-AB0A-1B501EE300F4}"
EndProject
Global
	GlobalSection(SolutionConfigurationPlatforms) = preSolution
		Debug|Any CPU = Debug|Any CPU
		Release|Any CPU = Release|Any CPU
	EndGlobalSection
	GlobalSection(ProjectConfigurationPlatforms) = postSolution
		{4549D923-53E9-4C8E-AB0A-1B501EE300F4}.Debug|Any CPU.ActiveCfg = Debug|Any CPU
		{4549D923-53E9-4C8E-AB0A-1B501EE300F4}.Debug|Any CPU.Build.0 = Debug|Any CPU
		{4549D923-53E9-4C8E-AB0A-1B501EE300F4}.Release|Any CPU.ActiveCfg = Release|Any CPU
		{4549D923-53E9-4C8E-AB0A-1B501EE300F4}.Release|Any CPU.Build.0 = Release|Any CPU
	EndGlobalSection
	GlobalSection(SolutionProperties) = preSolution
		HideSolutionNode = FALSE
	EndGlobalSection
	GlobalSection(ExtensibilityGlobals) = postSolution
		SolutionGuid = {76C905B5-C1F3-4DD0-A0A1-F8216EAC5775}
	EndGlobalSection
EndGlobal
